
Microsoft Visual Studio Solution File, Format Version 11.00
# Visual Studio 2010
Project("{FAE04EC0-301F-11D3-BF4B-00C04F79EFBC}") = "DeathBot.Bot", "DeathBot.Bot\DeathBot.Bot.csproj", "{CAAA8AF8-0D99-48D9-87FE-0363D720DC20}"
EndProject
Project("{FAE04EC0-301F-11D3-BF4B-00C04F79EFBC}") = "DeathBot.Bot.Tests", "DeathBot.Bot.Tests\DeathBot.Bot.Tests.csproj", "{062E47FB-6EE2-44ED-A01B-52DCF67A5DAB}"
EndProject
Global
	GlobalSection(SolutionConfigurationPlatforms) = preSolution
		Debug|Any CPU = Debug|Any CPU
		Release|Any CPU = Release|Any CPU
	EndGlobalSection
	GlobalSection(ProjectConfigurationPlatforms) = postSolution
		{CAAA8AF8-0D99-48D9-87FE-0363D720DC20}.Debug|Any CPU.ActiveCfg = Debug|Any CPU
		{CAAA8AF8-0D99-48D9-87FE-0363D720DC20}.Debug|Any CPU.Build.0 = Debug|Any CPU
		{CAAA8AF8-0D99-48D9-87FE-0363D720DC20}.Release|Any CPU.ActiveCfg = Release|Any CPU
		{CAAA8AF8-0D99-48D9-87FE-0363D720DC20}.Release|Any CPU.Build.0 = Release|Any CPU
		{062E47FB-6EE2-44ED-A01B-52DCF67A5DAB}.Debug|Any CPU.ActiveCfg = Debug|Any CPU
		{062E47FB-6EE2-44ED-A01B-52DCF67A5DAB}.Debug|Any CPU.Build.0 = Debug|Any CPU
		{062E47FB-6EE2-44ED-A01B-52DCF67A5DAB}.Release|Any CPU.ActiveCfg = Release|Any CPU
		{062E47FB-6EE2-44ED-A01B-52DCF67A5DAB}.Release|Any CPU.Build.0 = Release|Any CPU
	EndGlobalSection
	GlobalSection(SolutionProperties) = preSolution
		HideSolutionNode = FALSE
	EndGlobalSection
EndGlobal
